<?xml version="1.0" encoding="utf-8"?>
<Project ToolsVersion="4.0" xmlns="http://schemas.microsoft.com/developer/msbuild/2003">
  <ItemGroup>
    <Filter Include="Source Files">
      <UniqueIdentifier>{4FC737F1-C7A5-4376-A066-2A32D752A2FF}</UniqueIdentifier>
      <Extensions>cpp;c;cc;cxx;c++;cppm;tpp;ixx;def;odl;idl;hpj;bat;asm;asmx</Extensions>
    </Filter>
    <Filter Include="Header Files">
      <UniqueIdentifier>{93995380-89BD-4b04-88EB-625FBE52EBFB}</UniqueIdentifier>
      <Extensions>h;hh;hpp;hxx;h++;hm;inl;inc;ipp;xsd;tpp</Extensions>
    </Filter>
    <Filter Include="Resource Files">
      <UniqueIdentifier>{67DA6AB6-F800-4c08-8B7A-83BB121AAD01}</UniqueIdentifier>
      <Extensions>rc;ico;cur;bmp;dlg;rc2;rct;bin;rgs;gif;jpg;jpeg;jpe;resx;tiff;tif;png;wav;mfcribbon-ms</Extensions>
    </Filter>
    <Filter Include="Shader Files">
      <UniqueIdentifier>{822b995d-55a6-4233-80ab-767d66602145}</UniqueIdentifier>
    </Filter>
    <Filter Include="Header Files\Utils">
      <UniqueIdentifier>{01aaf09a-46d5-466d-95a4-0256f1c8bd06}</UniqueIdentifier>
    </Filter>
    <Filter Include="Source Files\Utils">
      <UniqueIdentifier>{1c6ed039-51ff-404d-acf8-c4e87a45da11}</UniqueIdentifier>
    </Filter>
    <Filter Include="Header Files\Bindable">
      <UniqueIdentifier>{a7483a93-63b9-4f3f-b758-a148044cd4ee}</UniqueIdentifier>
    </Filter>
    <Filter Include="Source Files\Bindable">
      <UniqueIdentifier>{7bba9fc2-864b-407c-8222-7f050963f58c}</UniqueIdentifier>
    </Filter>
    <Filter Include="Header Files\Drawable">
      <UniqueIdentifier>{57e0f4eb-bd09-4cfd-b6f8-c2bdd9beed47}</UniqueIdentifier>
    </Filter>
    <Filter Include="Source Files\Drawable">
      <UniqueIdentifier>{2cd8c430-7635-41ed-bb2d-3e7c789e78ba}</UniqueIdentifier>
    </Filter>
    <Filter Include="Header Files\Utils\Macros">
      <UniqueIdentifier>{d76812b4-d128-4bc6-b30e-2253efce1484}</UniqueIdentifier>
    </Filter>
    <Filter Include="Header Files\Geometry">
      <UniqueIdentifier>{34ae4322-f156-46f8-9fea-c5df9764c08e}</UniqueIdentifier>
    </Filter>
    <Filter Include="External">
      <UniqueIdentifier>{5ec6b042-188b-4290-8499-48729b65ba94}</UniqueIdentifier>
    </Filter>
    <Filter Include="External\DXErr">
      <UniqueIdentifier>{bfc50b1a-bc4a-4ad8-807e-d91a68e6f278}</UniqueIdentifier>
    </Filter>
    <Filter Include="External\imgui">
      <UniqueIdentifier>{538d5822-0f38-4cbb-aa8a-0bfb383743b1}</UniqueIdentifier>
    </Filter>
    <Filter Include="External\assimp">
      <UniqueIdentifier>{cee9df29-0b87-4991-93af-8be4772ef58f}</UniqueIdentifier>
    </Filter>
    <Filter Include="Shader Files\Ops">
      <UniqueIdentifier>{ba0cc82a-2367-44d9-830b-8f3d8d0e18a0}</UniqueIdentifier>
    </Filter>
    <Filter Include="External\DirectXTex">
      <UniqueIdentifier>{c270df46-24db-46b5-b942-110b471b204a}</UniqueIdentifier>
    </Filter>
    <Filter Include="Source Files\RenderQueue">
      <UniqueIdentifier>{e41ac399-d7d2-4d64-b329-6e28d7e68720}</UniqueIdentifier>
    </Filter>
    <Filter Include="Header Files\RenderQueue">
      <UniqueIdentifier>{3e39503f-461e-4b1a-988c-789dec8b80b1}</UniqueIdentifier>
    </Filter>
  </ItemGroup>
  <ItemGroup>
    <ClCompile Include="WinMain.cpp">
      <Filter>Source Files</Filter>
    </ClCompile>
    <ClCompile Include="Window.cpp">
      <Filter>Source Files</Filter>
    </ClCompile>
    <ClCompile Include="IronException.cpp">
      <Filter>Source Files</Filter>
    </ClCompile>
    <ClCompile Include="Keyboard.cpp">
      <Filter>Source Files</Filter>
    </ClCompile>
    <ClCompile Include="Mouse.cpp">
      <Filter>Source Files</Filter>
    </ClCompile>
    <ClCompile Include="Graphics.cpp">
      <Filter>Source Files</Filter>
    </ClCompile>
    <ClCompile Include="WindowsMessageMap.cpp">
      <Filter>Source Files\Utils</Filter>
    </ClCompile>
    <ClCompile Include="IronUtils.cpp">
      <Filter>Source Files\Utils</Filter>
    </ClCompile>
    <ClCompile Include="IndexBuffer.cpp">
      <Filter>Source Files\Bindable</Filter>
    </ClCompile>
    <ClCompile Include="InputLayout.cpp">
      <Filter>Source Files\Bindable</Filter>
    </ClCompile>
    <ClCompile Include="PixelShader.cpp">
      <Filter>Source Files\Bindable</Filter>
    </ClCompile>
    <ClCompile Include="TransformCBuffer.cpp">
      <Filter>Source Files\Bindable</Filter>
    </ClCompile>
    <ClCompile Include="VertexShader.cpp">
      <Filter>Source Files\Bindable</Filter>
    </ClCompile>
    <ClCompile Include="Surface.cpp">
      <Filter>Source Files</Filter>
    </ClCompile>
    <ClCompile Include="Texture.cpp">
      <Filter>Source Files\Bindable</Filter>
    </ClCompile>
    <ClCompile Include="Sampler.cpp">
      <Filter>Source Files\Bindable</Filter>
    </ClCompile>
    <ClCompile Include="DxgiInfoManager.cpp">
      <Filter>Source Files\Utils</Filter>
    </ClCompile>
    <ClCompile Include="GDIPlusManager.cpp">
      <Filter>Source Files\Utils</Filter>
    </ClCompile>
    <ClCompile Include="Drawable.cpp">
      <Filter>Source Files\Bindable</Filter>
    </ClCompile>
    <ClCompile Include="IronTimer.cpp">
      <Filter>Source Files\Utils</Filter>
    </ClCompile>
    <ClCompile Include="ImGuiManager.cpp">
      <Filter>Source Files</Filter>
    </ClCompile>
    <ClCompile Include="Camera.cpp">
      <Filter>Source Files</Filter>
    </ClCompile>
    <ClCompile Include="SolidSphere.cpp">
      <Filter>Source Files\Drawable</Filter>
    </ClCompile>
    <ClCompile Include="PrimitiveTopology.cpp">
      <Filter>Source Files\Bindable</Filter>
    </ClCompile>
    <ClCompile Include="..\External\Includes\DXErr\dxerr.cpp">
      <Filter>External\DXErr</Filter>
    </ClCompile>
    <ClCompile Include="..\External\Includes\imgui\imgui_demo.cpp">
      <Filter>External\imgui</Filter>
    </ClCompile>
    <ClCompile Include="..\External\Includes\imgui\imgui_draw.cpp">
      <Filter>External\imgui</Filter>
    </ClCompile>
    <ClCompile Include="..\External\Includes\imgui\imgui_impl_dx11.cpp">
      <Filter>External\imgui</Filter>
    </ClCompile>
    <ClCompile Include="..\External\Includes\imgui\imgui_impl_win32.cpp">
      <Filter>External\imgui</Filter>
    </ClCompile>
    <ClCompile Include="..\External\Includes\imgui\imgui_widgets.cpp">
      <Filter>External\imgui</Filter>
    </ClCompile>
    <ClCompile Include="..\External\Includes\imgui\imgui.cpp">
      <Filter>External\imgui</Filter>
    </ClCompile>
    <ClCompile Include="Vertex.cpp">
      <Filter>Source Files</Filter>
    </ClCompile>
    <ClCompile Include="VertexBuffer.cpp">
      <Filter>Source Files\Bindable</Filter>
    </ClCompile>
    <ClCompile Include="App.cpp">
      <Filter>Source Files</Filter>
    </ClCompile>
    <ClCompile Include="AppMess.cpp">
      <Filter>Source Files</Filter>
    </ClCompile>
    <ClCompile Include="Model.cpp">
      <Filter>Source Files\Drawable</Filter>
    </ClCompile>
    <ClCompile Include="Sheet.cpp">
      <Filter>Source Files\Drawable</Filter>
    </ClCompile>
    <ClCompile Include="PointLight.cpp">
      <Filter>Source Files</Filter>
    </ClCompile>
    <ClCompile Include="Box.cpp">
      <Filter>Source Files\Drawable</Filter>
    </ClCompile>
    <ClCompile Include="IronMath.cpp">
      <Filter>Source Files</Filter>
    </ClCompile>
    <ClCompile Include="BlendState.cpp">
      <Filter>Source Files\Bindable</Filter>
    </ClCompile>
    <ClCompile Include="SurfaceEx.cpp">
      <Filter>Source Files</Filter>
    </ClCompile>
    <ClCompile Include="DynamicConstantBuffer.cpp">
      <Filter>Source Files</Filter>
    </ClCompile>
    <ClCompile Include="DynamicLayout.cpp">
      <Filter>Source Files</Filter>
    </ClCompile>
    <ClCompile Include="ConstantBuffersEx.cpp">
      <Filter>Source Files\Bindable</Filter>
    </ClCompile>
    <ClCompile Include="DepthStencilState.cpp">
      <Filter>Source Files\Bindable</Filter>
    </ClCompile>
    <ClCompile Include="RasterizerState.cpp">
      <Filter>Source Files\Bindable</Filter>
    </ClCompile>
    <ClCompile Include="Job.cpp">
      <Filter>Source Files\RenderQueue</Filter>
    </ClCompile>
    <ClCompile Include="Pass.cpp">
      <Filter>Source Files\RenderQueue</Filter>
    </ClCompile>
    <ClCompile Include="RenderStep.cpp">
      <Filter>Source Files\RenderQueue</Filter>
    </ClCompile>
    <ClCompile Include="RenderTechnique.cpp">
      <Filter>Source Files\RenderQueue</Filter>
    </ClCompile>
    <ClCompile Include="TechniqueProbe.cpp">
      <Filter>Source Files</Filter>
    </ClCompile>
    <ClCompile Include="Material.cpp">
      <Filter>Source Files</Filter>
    </ClCompile>
    <ClCompile Include="Node.cpp">
      <Filter>Source Files</Filter>
    </ClCompile>
    <ClCompile Include="Mesh.cpp">
      <Filter>Source Files</Filter>
    </ClCompile>
    <ClCompile Include="ModelException.cpp">
      <Filter>Source Files</Filter>
    </ClCompile>
    <ClCompile Include="GraphicsResource.cpp">
      <Filter>Source Files</Filter>
    </ClCompile>
    <ClCompile Include="DepthStencilView.cpp">
      <Filter>Source Files</Filter>
    </ClCompile>
    <ClCompile Include="RenderTarget.cpp">
      <Filter>Source Files</Filter>
    </ClCompile>
    <ClCompile Include="RenderGraph.cpp">
      <Filter>Source Files</Filter>
    </ClCompile>
    <ClCompile Include="RenderGraphCompileException.cpp">
      <Filter>Source Files</Filter>
    </ClCompile>
    <ClCompile Include="RenderQueuePass.cpp">
      <Filter>Source Files</Filter>
    </ClCompile>
    <ClCompile Include="StepLinkingProbe.cpp">
      <Filter>Source Files</Filter>
    </ClCompile>
    <ClCompile Include="Source.cpp">
      <Filter>Source Files</Filter>
    </ClCompile>
    <ClCompile Include="FullScreenPass.cpp">
      <Filter>Source Files</Filter>
    </ClCompile>
    <ClCompile Include="BufferClearPass.cpp">
      <Filter>Source Files</Filter>
    </ClCompile>
    <ClCompile Include="BindingPass.cpp">
      <Filter>Source Files</Filter>
    </ClCompile>
    <ClCompile Include="BlurOutlineRenderGraph.cpp">
      <Filter>Source Files</Filter>
    </ClCompile>
    <ClCompile Include="VerticalBlurPass.cpp">
      <Filter>Source Files</Filter>
    </ClCompile>
    <ClCompile Include="HorizontalBlurPass.cpp">
      <Filter>Source Files</Filter>
    </ClCompile>
    <ClCompile Include="Sink.cpp">
      <Filter>Source Files</Filter>
    </ClCompile>
    <ClCompile Include="ScaleOutlineRenderGraph.cpp">
      <Filter>Source Files</Filter>
    </ClCompile>
    <ClCompile Include="TransformCBufferScaling.cpp">
      <Filter>Source Files</Filter>
    </ClCompile>
    <ClCompile Include="CameraContainer.cpp">
      <Filter>Source Files</Filter>
    </ClCompile>
  </ItemGroup>
  <ItemGroup>
    <ClInclude Include="Window.h">
      <Filter>Header Files</Filter>
    </ClInclude>
    <ClInclude Include="IronException.h">
      <Filter>Header Files</Filter>
    </ClInclude>
    <ClInclude Include="resource.h">
      <Filter>Header Files</Filter>
    </ClInclude>
    <ClInclude Include="Keyboard.h">
      <Filter>Header Files</Filter>
    </ClInclude>
    <ClInclude Include="Mouse.h">
      <Filter>Header Files</Filter>
    </ClInclude>
    <ClInclude Include="IronTimer.h">
      <Filter>Header Files</Filter>
    </ClInclude>
    <ClInclude Include="Graphics.h">
      <Filter>Header Files</Filter>
    </ClInclude>
    <ClInclude Include="WindowsMessageMap.h">
      <Filter>Header Files\Utils</Filter>
    </ClInclude>
    <ClInclude Include="IronUtils.h">
      <Filter>Header Files\Utils</Filter>
    </ClInclude>
    <ClInclude Include="IronWin.h">
      <Filter>Header Files\Utils</Filter>
    </ClInclude>
    <ClInclude Include="Bindable.h">
      <Filter>Header Files\Bindable</Filter>
    </ClInclude>
    <ClInclude Include="ConstantBuffers.h">
      <Filter>Header Files\Bindable</Filter>
    </ClInclude>
    <ClInclude Include="Drawable.h">
      <Filter>Header Files\Drawable</Filter>
    </ClInclude>
    <ClInclude Include="IndexBuffer.h">
      <Filter>Header Files\Bindable</Filter>
    </ClInclude>
    <ClInclude Include="InputLayout.h">
      <Filter>Header Files\Bindable</Filter>
    </ClInclude>
    <ClInclude Include="PixelShader.h">
      <Filter>Header Files\Bindable</Filter>
    </ClInclude>
    <ClInclude Include="TransformCBuffer.h">
      <Filter>Header Files\Bindable</Filter>
    </ClInclude>
    <ClInclude Include="VertexShader.h">
      <Filter>Header Files\Bindable</Filter>
    </ClInclude>
    <ClInclude Include="VertexBuffer.h">
      <Filter>Header Files\Bindable</Filter>
    </ClInclude>
    <ClInclude Include="WindowExceptionMacros.h">
      <Filter>Header Files\Utils\Macros</Filter>
    </ClInclude>
    <ClInclude Include="GraphicsExceptionMacros.h">
      <Filter>Header Files\Utils\Macros</Filter>
    </ClInclude>
    <ClInclude Include="IronMath.h">
      <Filter>Header Files\Utils</Filter>
    </ClInclude>
    <ClInclude Include="IndexedTriangleList.h">
      <Filter>Header Files\Geometry</Filter>
    </ClInclude>
    <ClInclude Include="Cube.h">
      <Filter>Header Files\Geometry</Filter>
    </ClInclude>
    <ClInclude Include="Sphere.h">
      <Filter>Header Files\Geometry</Filter>
    </ClInclude>
    <ClInclude Include="Prism.h">
      <Filter>Header Files\Geometry</Filter>
    </ClInclude>
    <ClInclude Include="Plane.h">
      <Filter>Header Files\Geometry</Filter>
    </ClInclude>
    <ClInclude Include="Surface.h">
      <Filter>Header Files</Filter>
    </ClInclude>
    <ClInclude Include="Texture.h">
      <Filter>Header Files\Bindable</Filter>
    </ClInclude>
    <ClInclude Include="Sampler.h">
      <Filter>Header Files\Bindable</Filter>
    </ClInclude>
    <ClInclude Include="GDIPlusManager.h">
      <Filter>Header Files\Utils</Filter>
    </ClInclude>
    <ClInclude Include="DxgiInfoManager.h">
      <Filter>Header Files\Utils</Filter>
    </ClInclude>
    <ClInclude Include="SkinnedBox.h">
      <Filter>Header Files</Filter>
    </ClInclude>
    <ClInclude Include="ImGuiManager.h">
      <Filter>Header Files</Filter>
    </ClInclude>
    <ClInclude Include="Camera.h">
      <Filter>Header Files</Filter>
    </ClInclude>
    <ClInclude Include="SolidSphere.h">
      <Filter>Header Files\Drawable</Filter>
    </ClInclude>
    <ClInclude Include="PointLight.h">
      <Filter>Header Files</Filter>
    </ClInclude>
    <ClInclude Include="PrimitiveTopology.h">
      <Filter>Header Files\Bindable</Filter>
    </ClInclude>
    <ClInclude Include="Pyramid.h">
      <Filter>Header Files\Geometry</Filter>
    </ClInclude>
    <ClInclude Include="..\External\Includes\DXErr\dxerr.h">
      <Filter>External\DXErr</Filter>
    </ClInclude>
    <ClInclude Include="..\External\Includes\imgui\imgui.h">
      <Filter>External\imgui</Filter>
    </ClInclude>
    <ClInclude Include="..\External\Includes\imgui\imgui_impl_dx11.h">
      <Filter>External\imgui</Filter>
    </ClInclude>
    <ClInclude Include="..\External\Includes\imgui\imgui_impl_win32.h">
      <Filter>External\imgui</Filter>
    </ClInclude>
    <ClInclude Include="..\External\Includes\imgui\imgui_internal.h">
      <Filter>External\imgui</Filter>
    </ClInclude>
    <ClInclude Include="..\External\Includes\imgui\imstb_rectpack.h">
      <Filter>External\imgui</Filter>
    </ClInclude>
    <ClInclude Include="..\External\Includes\imgui\imstb_textedit.h">
      <Filter>External\imgui</Filter>
    </ClInclude>
    <ClInclude Include="..\External\Includes\imgui\imstb_truetype.h">
      <Filter>External\imgui</Filter>
    </ClInclude>
    <ClInclude Include="..\External\Includes\imgui\imconfig.h">
      <Filter>External\imgui</Filter>
    </ClInclude>
    <ClInclude Include="..\External\Includes\assimp\aabb.h">
      <Filter>External\assimp</Filter>
    </ClInclude>
    <ClInclude Include="..\External\Includes\assimp\ai_assert.h">
      <Filter>External\assimp</Filter>
    </ClInclude>
    <ClInclude Include="..\External\Includes\assimp\anim.h">
      <Filter>External\assimp</Filter>
    </ClInclude>
    <ClInclude Include="..\External\Includes\assimp\BaseImporter.h">
      <Filter>External\assimp</Filter>
    </ClInclude>
    <ClInclude Include="..\External\Includes\assimp\Bitmap.h">
      <Filter>External\assimp</Filter>
    </ClInclude>
    <ClInclude Include="..\External\Includes\assimp\BlobIOSystem.h">
      <Filter>External\assimp</Filter>
    </ClInclude>
    <ClInclude Include="..\External\Includes\assimp\ByteSwapper.h">
      <Filter>External\assimp</Filter>
    </ClInclude>
    <ClInclude Include="..\External\Includes\assimp\camera.h">
      <Filter>External\assimp</Filter>
    </ClInclude>
    <ClInclude Include="..\External\Includes\assimp\cexport.h">
      <Filter>External\assimp</Filter>
    </ClInclude>
    <ClInclude Include="..\External\Includes\assimp\cfileio.h">
      <Filter>External\assimp</Filter>
    </ClInclude>
    <ClInclude Include="..\External\Includes\assimp\cimport.h">
      <Filter>External\assimp</Filter>
    </ClInclude>
    <ClInclude Include="..\External\Includes\assimp\color4.h">
      <Filter>External\assimp</Filter>
    </ClInclude>
    <ClInclude Include="..\External\Includes\assimp\config.h">
      <Filter>External\assimp</Filter>
    </ClInclude>
    <ClInclude Include="..\External\Includes\assimp\CreateAnimMesh.h">
      <Filter>External\assimp</Filter>
    </ClInclude>
    <ClInclude Include="..\External\Includes\assimp\DefaultIOStream.h">
      <Filter>External\assimp</Filter>
    </ClInclude>
    <ClInclude Include="..\External\Includes\assimp\DefaultIOSystem.h">
      <Filter>External\assimp</Filter>
    </ClInclude>
    <ClInclude Include="..\External\Includes\assimp\DefaultLogger.hpp">
      <Filter>External\assimp</Filter>
    </ClInclude>
    <ClInclude Include="..\External\Includes\assimp\Defines.h">
      <Filter>External\assimp</Filter>
    </ClInclude>
    <ClInclude Include="..\External\Includes\assimp\defs.h">
      <Filter>External\assimp</Filter>
    </ClInclude>
    <ClInclude Include="..\External\Includes\assimp\Exceptional.h">
      <Filter>External\assimp</Filter>
    </ClInclude>
    <ClInclude Include="..\External\Includes\assimp\Exporter.hpp">
      <Filter>External\assimp</Filter>
    </ClInclude>
    <ClInclude Include="..\External\Includes\assimp\fast_atof.h">
      <Filter>External\assimp</Filter>
    </ClInclude>
    <ClInclude Include="..\External\Includes\assimp\GenericProperty.h">
      <Filter>External\assimp</Filter>
    </ClInclude>
    <ClInclude Include="..\External\Includes\assimp\Hash.h">
      <Filter>External\assimp</Filter>
    </ClInclude>
    <ClInclude Include="..\External\Includes\assimp\Importer.hpp">
      <Filter>External\assimp</Filter>
    </ClInclude>
    <ClInclude Include="..\External\Includes\assimp\importerdesc.h">
      <Filter>External\assimp</Filter>
    </ClInclude>
    <ClInclude Include="..\External\Includes\assimp\IOStream.hpp">
      <Filter>External\assimp</Filter>
    </ClInclude>
    <ClInclude Include="..\External\Includes\assimp\IOStreamBuffer.h">
      <Filter>External\assimp</Filter>
    </ClInclude>
    <ClInclude Include="..\External\Includes\assimp\IOSystem.hpp">
      <Filter>External\assimp</Filter>
    </ClInclude>
    <ClInclude Include="..\External\Includes\assimp\irrXMLWrapper.h">
      <Filter>External\assimp</Filter>
    </ClInclude>
    <ClInclude Include="..\External\Includes\assimp\light.h">
      <Filter>External\assimp</Filter>
    </ClInclude>
    <ClInclude Include="..\External\Includes\assimp\LineSplitter.h">
      <Filter>External\assimp</Filter>
    </ClInclude>
    <ClInclude Include="..\External\Includes\assimp\LogAux.h">
      <Filter>External\assimp</Filter>
    </ClInclude>
    <ClInclude Include="..\External\Includes\assimp\Logger.hpp">
      <Filter>External\assimp</Filter>
    </ClInclude>
    <ClInclude Include="..\External\Includes\assimp\LogStream.hpp">
      <Filter>External\assimp</Filter>
    </ClInclude>
    <ClInclude Include="..\External\Includes\assimp\Macros.h">
      <Filter>External\assimp</Filter>
    </ClInclude>
    <ClInclude Include="..\External\Includes\assimp\material.h">
      <Filter>External\assimp</Filter>
    </ClInclude>
    <ClInclude Include="..\External\Includes\assimp\MathFunctions.h">
      <Filter>External\assimp</Filter>
    </ClInclude>
    <ClInclude Include="..\External\Includes\assimp\matrix3x3.h">
      <Filter>External\assimp</Filter>
    </ClInclude>
    <ClInclude Include="..\External\Includes\assimp\matrix4x4.h">
      <Filter>External\assimp</Filter>
    </ClInclude>
    <ClInclude Include="..\External\Includes\assimp\MemoryIOWrapper.h">
      <Filter>External\assimp</Filter>
    </ClInclude>
    <ClInclude Include="..\External\Includes\assimp\mesh.h">
      <Filter>External\assimp</Filter>
    </ClInclude>
    <ClInclude Include="..\External\Includes\assimp\metadata.h">
      <Filter>External\assimp</Filter>
    </ClInclude>
    <ClInclude Include="..\External\Includes\assimp\NullLogger.hpp">
      <Filter>External\assimp</Filter>
    </ClInclude>
    <ClInclude Include="..\External\Includes\assimp\ParsingUtils.h">
      <Filter>External\assimp</Filter>
    </ClInclude>
    <ClInclude Include="..\External\Includes\assimp\pbrmaterial.h">
      <Filter>External\assimp</Filter>
    </ClInclude>
    <ClInclude Include="..\External\Includes\assimp\postprocess.h">
      <Filter>External\assimp</Filter>
    </ClInclude>
    <ClInclude Include="..\External\Includes\assimp\Profiler.h">
      <Filter>External\assimp</Filter>
    </ClInclude>
    <ClInclude Include="..\External\Includes\assimp\ProgressHandler.hpp">
      <Filter>External\assimp</Filter>
    </ClInclude>
    <ClInclude Include="..\External\Includes\assimp\qnan.h">
      <Filter>External\assimp</Filter>
    </ClInclude>
    <ClInclude Include="..\External\Includes\assimp\quaternion.h">
      <Filter>External\assimp</Filter>
    </ClInclude>
    <ClInclude Include="..\External\Includes\assimp\RemoveComments.h">
      <Filter>External\assimp</Filter>
    </ClInclude>
    <ClInclude Include="..\External\Includes\assimp\scene.h">
      <Filter>External\assimp</Filter>
    </ClInclude>
    <ClInclude Include="..\External\Includes\assimp\SceneCombiner.h">
      <Filter>External\assimp</Filter>
    </ClInclude>
    <ClInclude Include="..\External\Includes\assimp\SGSpatialSort.h">
      <Filter>External\assimp</Filter>
    </ClInclude>
    <ClInclude Include="..\External\Includes\assimp\SkeletonMeshBuilder.h">
      <Filter>External\assimp</Filter>
    </ClInclude>
    <ClInclude Include="..\External\Includes\assimp\SmoothingGroups.h">
      <Filter>External\assimp</Filter>
    </ClInclude>
    <ClInclude Include="..\External\Includes\assimp\SpatialSort.h">
      <Filter>External\assimp</Filter>
    </ClInclude>
    <ClInclude Include="..\External\Includes\assimp\StandardShapes.h">
      <Filter>External\assimp</Filter>
    </ClInclude>
    <ClInclude Include="..\External\Includes\assimp\StreamReader.h">
      <Filter>External\assimp</Filter>
    </ClInclude>
    <ClInclude Include="..\External\Includes\assimp\StreamWriter.h">
      <Filter>External\assimp</Filter>
    </ClInclude>
    <ClInclude Include="..\External\Includes\assimp\StringComparison.h">
      <Filter>External\assimp</Filter>
    </ClInclude>
    <ClInclude Include="..\External\Includes\assimp\StringUtils.h">
      <Filter>External\assimp</Filter>
    </ClInclude>
    <ClInclude Include="..\External\Includes\assimp\Subdivision.h">
      <Filter>External\assimp</Filter>
    </ClInclude>
    <ClInclude Include="..\External\Includes\assimp\texture.h">
      <Filter>External\assimp</Filter>
    </ClInclude>
    <ClInclude Include="..\External\Includes\assimp\TinyFormatter.h">
      <Filter>External\assimp</Filter>
    </ClInclude>
    <ClInclude Include="..\External\Includes\assimp\types.h">
      <Filter>External\assimp</Filter>
    </ClInclude>
    <ClInclude Include="..\External\Includes\assimp\vector2.h">
      <Filter>External\assimp</Filter>
    </ClInclude>
    <ClInclude Include="..\External\Includes\assimp\vector3.h">
      <Filter>External\assimp</Filter>
    </ClInclude>
    <ClInclude Include="..\External\Includes\assimp\version.h">
      <Filter>External\assimp</Filter>
    </ClInclude>
    <ClInclude Include="..\External\Includes\assimp\Vertex.h">
      <Filter>External\assimp</Filter>
    </ClInclude>
    <ClInclude Include="..\External\Includes\assimp\XMLTools.h">
      <Filter>External\assimp</Filter>
    </ClInclude>
    <ClInclude Include="..\External\Includes\assimp\ZipArchiveIOSystem.h">
      <Filter>External\assimp</Filter>
    </ClInclude>
    <ClInclude Include="Vertex.h">
      <Filter>Header Files</Filter>
    </ClInclude>
    <ClInclude Include="AppMess.h">
      <Filter>Header Files</Filter>
    </ClInclude>
    <ClInclude Include="App.h">
      <Filter>Header Files</Filter>
    </ClInclude>
    <ClInclude Include="Model.h">
      <Filter>Header Files\Drawable</Filter>
    </ClInclude>
    <ClInclude Include="BindableCommon.h">
      <Filter>Header Files\Bindable</Filter>
    </ClInclude>
    <ClInclude Include="CommonMacros.h">
      <Filter>Header Files\Utils\Macros</Filter>
    </ClInclude>
    <ClInclude Include="BindableCollection.h">
      <Filter>Header Files\Bindable</Filter>
    </ClInclude>
    <ClInclude Include="Sheet.h">
      <Filter>Header Files\Drawable</Filter>
    </ClInclude>
    <ClInclude Include="Box.h">
      <Filter>Header Files\Drawable</Filter>
    </ClInclude>
    <ClInclude Include="BlendState.h">
      <Filter>Header Files\Bindable</Filter>
    </ClInclude>
    <ClInclude Include="RasterizerState.h">
      <Filter>Header Files\Bindable</Filter>
    </ClInclude>
    <ClInclude Include="..\External\Includes\DirectXTex\DirectXTex.h">
      <Filter>External\DirectXTex</Filter>
    </ClInclude>
    <ClInclude Include="..\External\Includes\DirectXTex\DirectXTexP.h">
      <Filter>External\DirectXTex</Filter>
    </ClInclude>
    <ClInclude Include="..\External\Includes\DirectXTex\filters.h">
      <Filter>External\DirectXTex</Filter>
    </ClInclude>
    <ClInclude Include="..\External\Includes\DirectXTex\scoped.h">
      <Filter>External\DirectXTex</Filter>
    </ClInclude>
    <ClInclude Include="..\External\Includes\DirectXTex\BC.h">
      <Filter>External\DirectXTex</Filter>
    </ClInclude>
    <ClInclude Include="..\External\Includes\DirectXTex\BCDirectCompute.h">
      <Filter>External\DirectXTex</Filter>
    </ClInclude>
    <ClInclude Include="..\External\Includes\DirectXTex\d3dx12.h">
      <Filter>External\DirectXTex</Filter>
    </ClInclude>
    <ClInclude Include="..\External\Includes\DirectXTex\DDS.h">
      <Filter>External\DirectXTex</Filter>
    </ClInclude>
    <ClInclude Include="SurfaceEx.h">
      <Filter>Header Files</Filter>
    </ClInclude>
    <ClInclude Include="DynamicConstantBuffer.h">
      <Filter>Header Files</Filter>
    </ClInclude>
    <ClInclude Include="DynamicLayout.h">
      <Filter>Header Files</Filter>
    </ClInclude>
    <ClInclude Include="ConstantBuffersEx.h">
      <Filter>Header Files\Bindable</Filter>
    </ClInclude>
    <ClInclude Include="DepthStencilState.h">
      <Filter>Header Files\Bindable</Filter>
    </ClInclude>
    <ClInclude Include="NullPixelShader.h">
      <Filter>Header Files\Bindable</Filter>
    </ClInclude>
    <ClInclude Include="Job.h">
      <Filter>Header Files\RenderQueue</Filter>
    </ClInclude>
    <ClInclude Include="Pass.h">
      <Filter>Header Files\RenderQueue</Filter>
    </ClInclude>
    <ClInclude Include="RenderStep.h">
      <Filter>Header Files\RenderQueue</Filter>
    </ClInclude>
    <ClInclude Include="RenderTechnique.h">
      <Filter>Header Files\RenderQueue</Filter>
    </ClInclude>
    <ClInclude Include="TechniqueProbe.h">
      <Filter>Header Files\RenderQueue</Filter>
    </ClInclude>
    <ClInclude Include="Material.h">
      <Filter>Header Files</Filter>
    </ClInclude>
    <ClInclude Include="Node.h">
      <Filter>Header Files</Filter>
    </ClInclude>
    <ClInclude Include="Mesh.h">
      <Filter>Header Files</Filter>
    </ClInclude>
    <ClInclude Include="ModelException.h">
      <Filter>Header Files</Filter>
    </ClInclude>
    <ClInclude Include="ModelProbe.h">
      <Filter>Header Files</Filter>
    </ClInclude>
    <ClInclude Include="GraphicsResource.h">
      <Filter>Header Files</Filter>
    </ClInclude>
    <ClInclude Include="DepthStencilView.h">
      <Filter>Header Files</Filter>
    </ClInclude>
    <ClInclude Include="RenderTarget.h">
      <Filter>Header Files</Filter>
    </ClInclude>
    <ClInclude Include="BlurPack.h">
      <Filter>Header Files</Filter>
    </ClInclude>
    <ClInclude Include="RenderGraph.h">
      <Filter>Header Files</Filter>
    </ClInclude>
    <ClInclude Include="RenderGraphCompileException.h">
      <Filter>Header Files</Filter>
    </ClInclude>
    <ClInclude Include="RenderQueuePass.h">
      <Filter>Header Files</Filter>
    </ClInclude>
    <ClInclude Include="StepLinkingProbe.h">
      <Filter>Header Files</Filter>
    </ClInclude>
    <ClInclude Include="Source.h">
      <Filter>Header Files</Filter>
    </ClInclude>
    <ClInclude Include="LambertianPass.h">
      <Filter>Header Files</Filter>
    </ClInclude>
    <ClInclude Include="FullScreenPass.h">
      <Filter>Header Files</Filter>
    </ClInclude>
    <ClInclude Include="BufferResource.h">
      <Filter>Header Files</Filter>
    </ClInclude>
    <ClInclude Include="BufferClearPass.h">
      <Filter>Header Files</Filter>
    </ClInclude>
    <ClInclude Include="BindingPass.h">
      <Filter>Header Files</Filter>
    </ClInclude>
    <ClInclude Include="BlurOutlineRenderGraph.h">
      <Filter>Header Files</Filter>
    </ClInclude>
    <ClInclude Include="VerticalBlurPass.h">
      <Filter>Header Files</Filter>
    </ClInclude>
    <ClInclude Include="HorizontalBlurPass.h">
      <Filter>Header Files</Filter>
    </ClInclude>
    <ClInclude Include="BlurOutlineDrawingPass.h">
      <Filter>Header Files</Filter>
    </ClInclude>
    <ClInclude Include="Sink.h">
      <Filter>Header Files</Filter>
    </ClInclude>
    <ClInclude Include="ScaleOutlineRenderGraph.h">
      <Filter>Header Files</Filter>
    </ClInclude>
    <ClInclude Include="OutlineDrawingPass.h">
      <Filter>Header Files</Filter>
    </ClInclude>
    <ClInclude Include="OutlineMaskGenerationPass.h">
      <Filter>Header Files</Filter>
    </ClInclude>
    <ClInclude Include="TestModelProbe.h">
      <Filter>Header Files</Filter>
    </ClInclude>
    <ClInclude Include="TransformCBufferScaling.h">
      <Filter>Header Files</Filter>
    </ClInclude>
    <ClInclude Include="IronWRL.h">
      <Filter>Header Files</Filter>
    </ClInclude>
    <ClInclude Include="CameraContainer.h">
      <Filter>Header Files</Filter>
    </ClInclude>
  </ItemGroup>
  <ItemGroup>
    <ResourceCompile Include="Ironware.rc">
      <Filter>Resource Files</Filter>
    </ResourceCompile>
  </ItemGroup>
  <ItemGroup>
    <Image Include="ironware_WaA_icon.ico">
      <Filter>Resource Files</Filter>
    </Image>
  </ItemGroup>
  <ItemGroup>
    <FxCompile Include="Solid_PS.hlsl">
      <Filter>Shader Files</Filter>
    </FxCompile>
    <FxCompile Include="Solid_VS.hlsl">
      <Filter>Shader Files</Filter>
    </FxCompile>
    <FxCompile Include="ColorBlendPhongVS.hlsl">
      <Filter>Shader Files</Filter>
    </FxCompile>
    <FxCompile Include="ColorBlendPhongPS.hlsl">
      <Filter>Shader Files</Filter>
    </FxCompile>
    <FxCompile Include="PhongDif_VS.hlsl">
      <Filter>Shader Files</Filter>
    </FxCompile>
    <FxCompile Include="IndexedPhongPS.hlsl">
      <Filter>Shader Files</Filter>
    </FxCompile>
    <FxCompile Include="PhongDifNro_PS.hlsl">
      <Filter>Shader Files</Filter>
    </FxCompile>
    <FxCompile Include="Phong_VS.hlsl">
      <Filter>Shader Files</Filter>
    </FxCompile>
    <FxCompile Include="PhongDif_PS.hlsl">
      <Filter>Shader Files</Filter>
    </FxCompile>
    <FxCompile Include="PhongDifSpc_PS.hlsl">
      <Filter>Shader Files</Filter>
    </FxCompile>
    <FxCompile Include="PhongDifNrm_PS.hlsl">
      <Filter>Shader Files</Filter>
    </FxCompile>
    <FxCompile Include="PhongDifNrm_VS.hlsl">
      <Filter>Shader Files</Filter>
    </FxCompile>
    <FxCompile Include="PhongDifSpcNrm_PS.hlsl">
      <Filter>Shader Files</Filter>
    </FxCompile>
    <FxCompile Include="Phong_PS.hlsl">
      <Filter>Shader Files</Filter>
    </FxCompile>
    <FxCompile Include="PhongDifMskSpcNrm_PS.hlsl">
      <Filter>Shader Files</Filter>
    </FxCompile>
    <FxCompile Include="PhongDifSpcNrm_VS.hlsl">
      <Filter>Shader Files</Filter>
    </FxCompile>
    <FxCompile Include="PhongDifSpc_VS.hlsl">
      <Filter>Shader Files</Filter>
    </FxCompile>
    <FxCompile Include="PhongDifMskSpcNrm_VS.hlsl">
      <Filter>Shader Files</Filter>
    </FxCompile>
    <FxCompile Include="Offset_VS.hlsl">
      <Filter>Shader Files</Filter>
    </FxCompile>
    <FxCompile Include="Fullscreen_VS.hlsl">
      <Filter>Shader Files</Filter>
    </FxCompile>
    <FxCompile Include="Filter_PS.hlsl">
      <Filter>Shader Files</Filter>
    </FxCompile>
    <FxCompile Include="BlurOutline_PS.hlsl">
      <Filter>Shader Files</Filter>
    </FxCompile>
    <FxCompile Include="PhongDifMskSpc_VS.hlsl">
      <Filter>Shader Files</Filter>
    </FxCompile>
    <FxCompile Include="PhongDifMskSpc_PS.hlsl">
      <Filter>Shader Files</Filter>
    </FxCompile>
  </ItemGroup>
  <ItemGroup>
    <None Include="..\External\Includes\DXErr\DXGetErrorDescription.inl">
      <Filter>External\DXErr</Filter>
    </None>
    <None Include="..\External\Includes\DXErr\DXGetErrorString.inl">
      <Filter>External\DXErr</Filter>
    </None>
    <None Include="..\External\Includes\DXErr\DXTrace.inl">
      <Filter>External\DXErr</Filter>
    </None>
    <None Include="..\External\Includes\assimp\color4.inl">
      <Filter>External\assimp</Filter>
    </None>
    <None Include="..\External\Includes\assimp\config.h.in">
      <Filter>External\assimp</Filter>
    </None>
    <None Include="..\External\Includes\assimp\material.inl">
      <Filter>External\assimp</Filter>
    </None>
    <None Include="..\External\Includes\assimp\matrix3x3.inl">
      <Filter>External\assimp</Filter>
    </None>
    <None Include="..\External\Includes\assimp\matrix4x4.inl">
      <Filter>External\assimp</Filter>
    </None>
    <None Include="..\External\Includes\assimp\quaternion.inl">
      <Filter>External\assimp</Filter>
    </None>
    <None Include="..\External\Includes\assimp\SmoothingGroups.inl">
      <Filter>External\assimp</Filter>
    </None>
    <None Include="..\External\Includes\assimp\vector2.inl">
      <Filter>External\assimp</Filter>
    </None>
    <None Include="..\External\Includes\assimp\vector3.inl">
      <Filter>External\assimp</Filter>
    </None>
    <None Include="GDIPlusStd.h">
      <Filter>Header Files\Utils</Filter>
    </None>
    <None Include="cpp.hint" />
    <None Include="ClassDiagram1.cd" />
    <None Include="CommonOps.hlsli">
      <Filter>Shader Files\Ops</Filter>
    </None>
    <None Include="CommonPointLightOps.hlsli">
      <Filter>Shader Files\Ops</Filter>
    </None>
    <None Include="CommonLightOps.hlsli">
      <Filter>Shader Files\Ops</Filter>
    </None>
    <None Include="CommonTransforms.hlsli">
      <Filter>Shader Files\Ops</Filter>
    </None>
    <None Include="..\External\Includes\DirectXTex\DirectXTex.inl">
      <Filter>External\DirectXTex</Filter>
    </None>
  </ItemGroup>
</Project>